
Microsoft Visual Studio Solution File, Format Version 12.00
# Visual Studio Version 17
VisualStudioVersion = 17.11.35312.102
MinimumVisualStudioVersion = 10.0.40219.1
Project("{9A19103F-16F7-4668-BE54-9A1E7A4F7556}") = "QuizConfigurator", "QuizConfigurator\QuizConfigurator.csproj", "{594661A3-BAF0-482B-B9ED-A2691646E692}"
EndProject
Global
	GlobalSection(SolutionConfigurationPlatforms) = preSolution
		Debug|Any CPU = Debug|Any CPU
		Release|Any CPU = Release|Any CPU
	EndGlobalSection
	GlobalSection(ProjectConfigurationPlatforms) = postSolution
		{594661A3-BAF0-482B-B9ED-A2691646E692}.Debug|Any CPU.ActiveCfg = Debug|Any CPU
		{594661A3-BAF0-482B-B9ED-A2691646E692}.Debug|Any CPU.Build.0 = Debug|Any CPU
		{594661A3-BAF0-482B-B9ED-A2691646E692}.Release|Any CPU.ActiveCfg = Release|Any CPU
		{594661A3-BAF0-482B-B9ED-A2691646E692}.Release|Any CPU.Build.0 = Release|Any CPU
	EndGlobalSection
	GlobalSection(SolutionProperties) = preSolution
		HideSolutionNode = FALSE
	EndGlobalSection
	GlobalSection(ExtensibilityGlobals) = postSolution
		SolutionGuid = {CC156482-776F-4C67-96AC-BC0E4713B445}
	EndGlobalSection
EndGlobal
